// !$*UTF8*$!
{
	archiveVersion = 1;
	classes = {
	};
	objectVersion = 77;
	objects = {

/* Begin PBXBuildFile section */
		0C5820A91D78AC3DCE6E3744 /* CatalogSidebarView.swift in Sources */ = {isa = PBXBuildFile; fileRef = 48F09926B79990D46F711514 /* CatalogSidebarView.swift */; };
		1375810692ED64708535A323 /* SynapseDesignSystem in Frameworks */ = {isa = PBXBuildFile; productRef = 6BC3996D750A7425824996AF /* SynapseDesignSystem */; };
		2CA618B7D7F49744E07D1A7D /* PatternCatalogPage.swift in Sources */ = {isa = PBXBuildFile; fileRef = 147116660274305595E82536 /* PatternCatalogPage.swift */; };
		3C1F8B572E619EEEA3B13AD9 /* FoundationCatalogPages.swift in Sources */ = {isa = PBXBuildFile; fileRef = C882F65AC4A5D98285F9929E /* FoundationCatalogPages.swift */; };
		773F2DF6F3619656CDA155CF /* CatalogModel.swift in Sources */ = {isa = PBXBuildFile; fileRef = 813517345556C2831648386B /* CatalogModel.swift */; };
		BC4460EA4557323CB6F06B99 /* SynapseDesignLabApp.swift in Sources */ = {isa = PBXBuildFile; fileRef = 994FC4D59EB1B8D433C5118A /* SynapseDesignLabApp.swift */; };
		CA220B101259B6CE73A90545 /* CatalogInspectorView.swift in Sources */ = {isa = PBXBuildFile; fileRef = 32840AA3CCE6FF01F2B096F7 /* CatalogInspectorView.swift */; };
		D0C225574633104DD473917B /* CatalogCanvasView.swift in Sources */ = {isa = PBXBuildFile; fileRef = 14150333367824EED6074D98 /* CatalogCanvasView.swift */; };
		D55975CBE67A297C1BCBAF0C /* ComponentCatalogPages.swift in Sources */ = {isa = PBXBuildFile; fileRef = 36517FB826144E750D05C4E8 /* ComponentCatalogPages.swift */; };
		D9493A66610547E0528662F3 /* DesignSystemCatalogView.swift in Sources */ = {isa = PBXBuildFile; fileRef = 0D66B94EBA6E0D4C6CE34B3E /* DesignSystemCatalogView.swift */; };
/* End PBXBuildFile section */

/* Begin PBXFileReference section */
		0D66B94EBA6E0D4C6CE34B3E /* DesignSystemCatalogView.swift */ = {isa = PBXFileReference; lastKnownFileType = sourcecode.swift; path = DesignSystemCatalogView.swift; sourceTree = "<group>"; };
		14150333367824EED6074D98 /* CatalogCanvasView.swift */ = {isa = PBXFileReference; lastKnownFileType = sourcecode.swift; path = CatalogCanvasView.swift; sourceTree = "<group>"; };
		147116660274305595E82536 /* PatternCatalogPage.swift */ = {isa = PBXFileReference; lastKnownFileType = sourcecode.swift; path = PatternCatalogPage.swift; sourceTree = "<group>"; };
		32840AA3CCE6FF01F2B096F7 /* CatalogInspectorView.swift */ = {isa = PBXFileReference; lastKnownFileType = sourcecode.swift; path = CatalogInspectorView.swift; sourceTree = "<group>"; };
		36517FB826144E750D05C4E8 /* ComponentCatalogPages.swift */ = {isa = PBXFileReference; lastKnownFileType = sourcecode.swift; path = ComponentCatalogPages.swift; sourceTree = "<group>"; };
		48F09926B79990D46F711514 /* CatalogSidebarView.swift */ = {isa = PBXFileReference; lastKnownFileType = sourcecode.swift; path = CatalogSidebarView.swift; sourceTree = "<group>"; };
		813517345556C2831648386B /* CatalogModel.swift */ = {isa = PBXFileReference; lastKnownFileType = sourcecode.swift; path = CatalogModel.swift; sourceTree = "<group>"; };
		994FC4D59EB1B8D433C5118A /* SynapseDesignLabApp.swift */ = {isa = PBXFileReference; lastKnownFileType = sourcecode.swift; path = SynapseDesignLabApp.swift; sourceTree = "<group>"; };
		C882F65AC4A5D98285F9929E /* FoundationCatalogPages.swift */ = {isa = PBXFileReference; lastKnownFileType = sourcecode.swift; path = FoundationCatalogPages.swift; sourceTree = "<group>"; };
		D85188EA8E22F7987AE7822B /* SynapseDesignLab.app */ = {isa = PBXFileReference; explicitFileType = wrapper.application; includeInIndex = 0; path = SynapseDesignLab.app; sourceTree = BUILT_PRODUCTS_DIR; };
		EC271692E936B6F03028D7F4 /* apple */ = {isa = PBXFileReference; lastKnownFileType = folder; name = apple; path = ..; sourceTree = SOURCE_ROOT; };
/* End PBXFileReference section */

/* Begin PBXFrameworksBuildPhase section */
		6A8B1DBC6323BB1DE7C7A809 /* Frameworks */ = {
			isa = PBXFrameworksBuildPhase;
			buildActionMask = 2147483647;
			files = (
				1375810692ED64708535A323 /* SynapseDesignSystem in Frameworks */,
			);
			runOnlyForDeploymentPostprocessing = 0;
		};
/* End PBXFrameworksBuildPhase section */

/* Begin PBXGroup section */
		11A6DE1DFAA30611597F3AF2 /* Products */ = {
			isa = PBXGroup;
			children = (
				D85188EA8E22F7987AE7822B /* SynapseDesignLab.app */,
			);
			name = Products;
			sourceTree = "<group>";
		};
		1906A1D67C0F1DCF4F15183D = {
			isa = PBXGroup;
			children = (
				F8EFEF94FBE68D951501674E /* Packages */,
				8939E19A0BD313ADB179EC3B /* Sources */,
				11A6DE1DFAA30611597F3AF2 /* Products */,
			);
			sourceTree = "<group>";
		};
		2726A572545584004043CEC1 /* Catalog */ = {
			isa = PBXGroup;
			children = (
				14150333367824EED6074D98 /* CatalogCanvasView.swift */,
				32840AA3CCE6FF01F2B096F7 /* CatalogInspectorView.swift */,
				813517345556C2831648386B /* CatalogModel.swift */,
				48F09926B79990D46F711514 /* CatalogSidebarView.swift */,
				36517FB826144E750D05C4E8 /* ComponentCatalogPages.swift */,
				0D66B94EBA6E0D4C6CE34B3E /* DesignSystemCatalogView.swift */,
				C882F65AC4A5D98285F9929E /* FoundationCatalogPages.swift */,
				147116660274305595E82536 /* PatternCatalogPage.swift */,
			);
			path = Catalog;
			sourceTree = "<group>";
		};
		8939E19A0BD313ADB179EC3B /* Sources */ = {
			isa = PBXGroup;
			children = (
				994FC4D59EB1B8D433C5118A /* SynapseDesignLabApp.swift */,
				2726A572545584004043CEC1 /* Catalog */,
			);
			path = Sources;
			sourceTree = "<group>";
		};
		F8EFEF94FBE68D951501674E /* Packages */ = {
			isa = PBXGroup;
			children = (
				EC271692E936B6F03028D7F4 /* apple */,
			);
			name = Packages;
			sourceTree = "<group>";
		};
/* End PBXGroup section */

/* Begin PBXNativeTarget section */
		9087B6A5BB88BA8652AC8982 /* SynapseDesignLab */ = {
			isa = PBXNativeTarget;
			buildConfigurationList = DECF32ED6EEBF36D0E3A325F /* Build configuration list for PBXNativeTarget "SynapseDesignLab" */;
			buildPhases = (
				55F5EBD41CD270158E84D6FD /* Sources */,
				6A8B1DBC6323BB1DE7C7A809 /* Frameworks */,
			);
			buildRules = (
			);
			dependencies = (
			);
			name = SynapseDesignLab;
			packageProductDependencies = (
				6BC3996D750A7425824996AF /* SynapseDesignSystem */,
			);
			productName = SynapseDesignLab;
			productReference = D85188EA8E22F7987AE7822B /* SynapseDesignLab.app */;
			productType = "com.apple.product-type.application";
		};
/* End PBXNativeTarget section */

/* Begin PBXProject section */
		B83FF995FA25D50715652E42 /* Project object */ = {
			isa = PBXProject;
			attributes = {
				BuildIndependentTargetsInParallel = YES;
				LastUpgradeCheck = 1430;
				TargetAttributes = {
				};
			};
			buildConfigurationList = B453A55FAA463E8DBB021790 /* Build configuration list for PBXProject "SynapseDesignLab" */;
			developmentRegion = en;
			hasScannedForEncodings = 0;
			knownRegions = (
				Base,
				en,
			);
			mainGroup = 1906A1D67C0F1DCF4F15183D;
			minimizedProjectReferenceProxies = 1;
			packageReferences = (
				39EC8A7230EE7558F1E071F2 /* XCLocalSwiftPackageReference ".." */,
			);
			preferredProjectObjectVersion = 77;
			productRefGroup = 11A6DE1DFAA30611597F3AF2 /* Products */;
			projectDirPath = "";
			projectRoot = "";
			targets = (
				9087B6A5BB88BA8652AC8982 /* SynapseDesignLab */,
			);
		};
/* End PBXProject section */

/* Begin PBXSourcesBuildPhase section */
		55F5EBD41CD270158E84D6FD /* Sources */ = {
			isa = PBXSourcesBuildPhase;
			buildActionMask = 2147483647;
			files = (
				D0C225574633104DD473917B /* CatalogCanvasView.swift in Sources */,
				CA220B101259B6CE73A90545 /* CatalogInspectorView.swift in Sources */,
				773F2DF6F3619656CDA155CF /* CatalogModel.swift in Sources */,
				0C5820A91D78AC3DCE6E3744 /* CatalogSidebarView.swift in Sources */,
				D55975CBE67A297C1BCBAF0C /* ComponentCatalogPages.swift in Sources */,
				D9493A66610547E0528662F3 /* DesignSystemCatalogView.swift in Sources */,
				3C1F8B572E619EEEA3B13AD9 /* FoundationCatalogPages.swift in Sources */,
				2CA618B7D7F49744E07D1A7D /* PatternCatalogPage.swift in Sources */,
				BC4460EA4557323CB6F06B99 /* SynapseDesignLabApp.swift in Sources */,
			);
			runOnlyForDeploymentPostprocessing = 0;
		};
/* End PBXSourcesBuildPhase section */

/* Begin XCBuildConfiguration section */
		1DD26C9E3B23626928E94CA6 /* Debug */ = {
			isa = XCBuildConfiguration;
			buildSettings = {
				ALWAYS_SEARCH_USER_PATHS = NO;
				CLANG_ANALYZER_NONNULL = YES;
				CLANG_ANALYZER_NUMBER_OBJECT_CONVERSION = YES_AGGRESSIVE;
				CLANG_CXX_LANGUAGE_STANDARD = "gnu++14";
				CLANG_CXX_LIBRARY = "libc++";
				CLANG_ENABLE_MODULES = YES;
				CLANG_ENABLE_OBJC_ARC = YES;
				CLANG_ENABLE_OBJC_WEAK = YES;
				CLANG_WARN_BLOCK_CAPTURE_AUTORELEASING = YES;
				CLANG_WARN_BOOL_CONVERSION = YES;
				CLANG_WARN_COMMA = YES;
				CLANG_WARN_CONSTANT_CONVERSION = YES;
				CLANG_WARN_DEPRECATED_OBJC_IMPLEMENTATIONS = YES;
				CLANG_WARN_DIRECT_OBJC_ISA_USAGE = YES_ERROR;
				CLANG_WARN_DOCUMENTATION_COMMENTS = YES;
				CLANG_WARN_EMPTY_BODY = YES;
				CLANG_WARN_ENUM_CONVERSION = YES;
				CLANG_WARN_INFINITE_RECURSION = YES;
				CLANG_WARN_INT_CONVERSION = YES;
				CLANG_WARN_NON_LITERAL_NULL_CONVERSION = YES;
				CLANG_WARN_OBJC_IMPLICIT_RETAIN_SELF = YES;
				CLANG_WARN_OBJC_LITERAL_CONVERSION = YES;
				CLANG_WARN_OBJC_ROOT_CLASS = YES_ERROR;
				CLANG_WARN_QUOTED_INCLUDE_IN_FRAMEWORK_HEADER = YES;
				CLANG_WARN_RANGE_LOOP_ANALYSIS = YES;
				CLANG_WARN_STRICT_PROTOTYPES = YES;
				CLANG_WARN_SUSPICIOUS_MOVE = YES;
				CLANG_WARN_UNGUARDED_AVAILABILITY = YES_AGGRESSIVE;
				CLANG_WARN_UNREACHABLE_CODE = YES;
				CLANG_WARN__DUPLICATE_METHOD_MATCH = YES;
				COPY_PHASE_STRIP = NO;
				DEBUG_INFORMATION_FORMAT = dwarf;
				ENABLE_STRICT_OBJC_MSGSEND = YES;
				ENABLE_TESTABILITY = YES;
				GCC_C_LANGUAGE_STANDARD = gnu11;
				GCC_DYNAMIC_NO_PIC = NO;
				GCC_NO_COMMON_BLOCKS = YES;
				GCC_OPTIMIZATION_LEVEL = 0;
				GCC_PREPROCESSOR_DEFINITIONS = (
					"$(inherited)",
					"DEBUG=1",
				);
				GCC_WARN_64_TO_32_BIT_CONVERSION = YES;
				GCC_WARN_ABOUT_RETURN_TYPE = YES_ERROR;
				GCC_WARN_UNDECLARED_SELECTOR = YES;
				GCC_WARN_UNINITIALIZED_AUTOS = YES_AGGRESSIVE;
				GCC_WARN_UNUSED_FUNCTION = YES;
				GCC_WARN_UNUSED_VARIABLE = YES;
				MACOSX_DEPLOYMENT_TARGET = 26.0;
				MTL_ENABLE_DEBUG_INFO = INCLUDE_SOURCE;
				MTL_FAST_MATH = YES;
				ONLY_ACTIVE_ARCH = YES;
				PRODUCT_NAME = "$(TARGET_NAME)";
				SDKROOT = macosx;
				SWIFT_ACTIVE_COMPILATION_CONDITIONS = DEBUG;
				SWIFT_OPTIMIZATION_LEVEL = "-Onone";
				SWIFT_VERSION = 5.0;
			};
			name = Debug;
		};
		7F00D3FF93681E1101E6D01E /* Debug */ = {
			isa = XCBuildConfiguration;
			buildSettings = {
				ASSETCATALOG_COMPILER_APPICON_NAME = AppIcon;
				CODE_SIGNING_ALLOWED = NO;
				CODE_SIGNING_REQUIRED = NO;
				COMBINE_HIDPI_IMAGES = YES;
				ENABLE_HARDENED_RUNTIME = NO;
				ENABLE_PREVIEWS = YES;
				GENERATE_INFOPLIST_FILE = YES;
				LD_RUNPATH_SEARCH_PATHS = (
					"$(inherited)",
					"@executable_path/../Frameworks",
				);
				PRODUCT_BUNDLE_IDENTIFIER = kr.lawdigest.synapsenote.designlab;
				PRODUCT_NAME = SynapseDesignLab;
				SDKROOT = macosx;
				SWIFT_VERSION = 6.0;
			};
			name = Debug;
		};
		90399685033923A9E36A6CFA /* Release */ = {
			isa = XCBuildConfiguration;
			buildSettings = {
				ALWAYS_SEARCH_USER_PATHS = NO;
				CLANG_ANALYZER_NONNULL = YES;
				CLANG_ANALYZER_NUMBER_OBJECT_CONVERSION = YES_AGGRESSIVE;
				CLANG_CXX_LANGUAGE_STANDARD = "gnu++14";
				CLANG_CXX_LIBRARY = "libc++";
				CLANG_ENABLE_MODULES = YES;
				CLANG_ENABLE_OBJC_ARC = YES;
				CLANG_ENABLE_OBJC_WEAK = YES;
				CLANG_WARN_BLOCK_CAPTURE_AUTORELEASING = YES;
				CLANG_WARN_BOOL_CONVERSION = YES;
				CLANG_WARN_COMMA = YES;
				CLANG_WARN_CONSTANT_CONVERSION = YES;
				CLANG_WARN_DEPRECATED_OBJC_IMPLEMENTATIONS = YES;
				CLANG_WARN_DIRECT_OBJC_ISA_USAGE = YES_ERROR;
				CLANG_WARN_DOCUMENTATION_COMMENTS = YES;
				CLANG_WARN_EMPTY_BODY = YES;
				CLANG_WARN_ENUM_CONVERSION = YES;
				CLANG_WARN_INFINITE_RECURSION = YES;
				CLANG_WARN_INT_CONVERSION = YES;
				CLANG_WARN_NON_LITERAL_NULL_CONVERSION = YES;
				CLANG_WARN_OBJC_IMPLICIT_RETAIN_SELF = YES;
				CLANG_WARN_OBJC_LITERAL_CONVERSION = YES;
				CLANG_WARN_OBJC_ROOT_CLASS = YES_ERROR;
				CLANG_WARN_QUOTED_INCLUDE_IN_FRAMEWORK_HEADER = YES;
				CLANG_WARN_RANGE_LOOP_ANALYSIS = YES;
				CLANG_WARN_STRICT_PROTOTYPES = YES;
				CLANG_WARN_SUSPICIOUS_MOVE = YES;
				CLANG_WARN_UNGUARDED_AVAILABILITY = YES_AGGRESSIVE;
				CLANG_WARN_UNREACHABLE_CODE = YES;
				CLANG_WARN__DUPLICATE_METHOD_MATCH = YES;
				COPY_PHASE_STRIP = NO;
				DEBUG_INFORMATION_FORMAT = "dwarf-with-dsym";
				ENABLE_NS_ASSERTIONS = NO;
				ENABLE_STRICT_OBJC_MSGSEND = YES;
				GCC_C_LANGUAGE_STANDARD = gnu11;
				GCC_NO_COMMON_BLOCKS = YES;
				GCC_WARN_64_TO_32_BIT_CONVERSION = YES;
				GCC_WARN_ABOUT_RETURN_TYPE = YES_ERROR;
				GCC_WARN_UNDECLARED_SELECTOR = YES;
				GCC_WARN_UNINITIALIZED_AUTOS = YES_AGGRESSIVE;
				GCC_WARN_UNUSED_FUNCTION = YES;
				GCC_WARN_UNUSED_VARIABLE = YES;
				MACOSX_DEPLOYMENT_TARGET = 26.0;
				MTL_ENABLE_DEBUG_INFO = NO;
				MTL_FAST_MATH = YES;
				PRODUCT_NAME = "$(TARGET_NAME)";
				SDKROOT = macosx;
				SWIFT_COMPILATION_MODE = wholemodule;
				SWIFT_OPTIMIZATION_LEVEL = "-O";
				SWIFT_VERSION = 5.0;
			};
			name = Release;
		};
		E2B086F98D324ADC61DE40A3 /* Release */ = {
			isa = XCBuildConfiguration;
			buildSettings = {
				ASSETCATALOG_COMPILER_APPICON_NAME = AppIcon;
				CODE_SIGNING_ALLOWED = NO;
				CODE_SIGNING_REQUIRED = NO;
				COMBINE_HIDPI_IMAGES = YES;
				ENABLE_HARDENED_RUNTIME = NO;
				ENABLE_PREVIEWS = YES;
				GENERATE_INFOPLIST_FILE = YES;
				LD_RUNPATH_SEARCH_PATHS = (
					"$(inherited)",
					"@executable_path/../Frameworks",
				);
				PRODUCT_BUNDLE_IDENTIFIER = kr.lawdigest.synapsenote.designlab;
				PRODUCT_NAME = SynapseDesignLab;
				SDKROOT = macosx;
				SWIFT_VERSION = 6.0;
			};
			name = Release;
		};
/* End XCBuildConfiguration section */

/* Begin XCConfigurationList section */
		B453A55FAA463E8DBB021790 /* Build configuration list for PBXProject "SynapseDesignLab" */ = {
			isa = XCConfigurationList;
			buildConfigurations = (
				1DD26C9E3B23626928E94CA6 /* Debug */,
				90399685033923A9E36A6CFA /* Release */,
			);
			defaultConfigurationIsVisible = 0;
			defaultConfigurationName = Debug;
		};
		DECF32ED6EEBF36D0E3A325F /* Build configuration list for PBXNativeTarget "SynapseDesignLab" */ = {
			isa = XCConfigurationList;
			buildConfigurations = (
				7F00D3FF93681E1101E6D01E /* Debug */,
				E2B086F98D324ADC61DE40A3 /* Release */,
			);
			defaultConfigurationIsVisible = 0;
			defaultConfigurationName = Debug;
		};
/* End XCConfigurationList section */

/* Begin XCLocalSwiftPackageReference section */
		39EC8A7230EE7558F1E071F2 /* XCLocalSwiftPackageReference ".." */ = {
			isa = XCLocalSwiftPackageReference;
			relativePath = ..;
		};
/* End XCLocalSwiftPackageReference section */

/* Begin XCSwiftPackageProductDependency section */
		6BC3996D750A7425824996AF /* SynapseDesignSystem */ = {
			isa = XCSwiftPackageProductDependency;
			productName = SynapseDesignSystem;
		};
/* End XCSwiftPackageProductDependency section */
	};
	rootObject = B83FF995FA25D50715652E42 /* Project object */;
}
